{
  "name": "vue-flow-basic-example",
  "version": "0.0.0",
  "lockfileVersion": 1,
  "requires": true,
  "dependencies": {
    "@braks/revue-draggable": {
      "version": "0.4.2",
      "resolved": "https://registry.npmjs.org/@braks/revue-draggable/-/revue-draggable-0.4.2.tgz",
      "integrity": "sha512-PfGYOs+uhyQnY8RmSfJDI5o2ZgUH2UY3OT/eoS1F0echNrVDNyyh6dNW9YX9dZO2boQPVZC3RjcFnCUG9Lj4xw==",
      "requires": {
        "@vueuse/core": "^7.0.1",
        "vue-demi": "^0.12.5"
      }
    },
    "@braks/vue-flow": {
      "version": "0.4.0-29",
      "resolved": "https://registry.npmjs.org/@braks/vue-flow/-/vue-flow-0.4.0-29.tgz",
      "integrity": "sha512-t25gs/4cupgsksk+V7rwaSrF0yLBK9GZKZh2cx0UxrKOxnvhcCDktVSDEccuPNNW1mg/NUoV/OHb2CoQY95ojw==",
      "requires": {
        "@braks/revue-draggable": "^0.4.2",
        "@types/d3": "^7.1.0",
        "@vueuse/core": "^7.5.5",
        "d3": "^7.1.1",
        "d3-selection": "^3.0.0",
        "d3-zoom": "^3.0.0"
      }
    },
    "@types/d3": {
      "version": "7.1.0",
      "resolved": "https://registry.npmjs.org/@types/d3/-/d3-7.1.0.tgz",
      "integrity": "sha512-gYWvgeGjEl+zmF8c+U1RNIKqe7sfQwIXeLXO5Os72TjDjCEtgpvGBvZ8dXlAuSS1m6B90Y1Uo6Bm36OGR/OtCA==",
      "requires": {
        "@types/d3-array": "*",
        "@types/d3-axis": "*",
        "@types/d3-brush": "*",
        "@types/d3-chord": "*",
        "@types/d3-color": "*",
        "@types/d3-contour": "*",
        "@types/d3-delaunay": "*",
        "@types/d3-dispatch": "*",
        "@types/d3-drag": "*",
        "@types/d3-dsv": "*",
        "@types/d3-ease": "*",
        "@types/d3-fetch": "*",
        "@types/d3-force": "*",
        "@types/d3-format": "*",
        "@types/d3-geo": "*",
        "@types/d3-hierarchy": "*",
        "@types/d3-interpolate": "*",
        "@types/d3-path": "*",
        "@types/d3-polygon": "*",
        "@types/d3-quadtree": "*",
        "@types/d3-random": "*",
        "@types/d3-scale": "*",
        "@types/d3-scale-chromatic": "*",
        "@types/d3-selection": "*",
        "@types/d3-shape": "*",
        "@types/d3-time": "*",
        "@types/d3-time-format": "*",
        "@types/d3-timer": "*",
        "@types/d3-transition": "*",
        "@types/d3-zoom": "*"
      }
    },
    "@types/d3-array": {
      "version": "3.0.2",
      "resolved": "https://registry.npmjs.org/@types/d3-array/-/d3-array-3.0.2.tgz",
      "integrity": "sha512-5mjGjz6XOXKOCdTajXTZ/pMsg236RdiwKPrRPWAEf/2S/+PzwY+LLYShUpeysWaMvsdS7LArh6GdUefoxpchsQ=="
    },
    "@types/d3-axis": {
      "version": "3.0.1",
      "resolved": "https://registry.npmjs.org/@types/d3-axis/-/d3-axis-3.0.1.tgz",
      "integrity": "sha512-zji/iIbdd49g9WN0aIsGcwcTBUkgLsCSwB+uH+LPVDAiKWENMtI3cJEWt+7/YYwelMoZmbBfzA3qCdrZ2XFNnw==",
      "requires": {
        "@types/d3-selection": "*"
      }
    },
    "@types/d3-brush": {
      "version": "3.0.1",
      "resolved": "https://registry.npmjs.org/@types/d3-brush/-/d3-brush-3.0.1.tgz",
      "integrity": "sha512-B532DozsiTuQMHu2YChdZU0qsFJSio3Q6jmBYGYNp3gMDzBmuFFgPt9qKA4VYuLZMp4qc6eX7IUFUEsvHiXZAw==",
      "requires": {
        "@types/d3-selection": "*"
      }
    },
    "@types/d3-chord": {
      "version": "3.0.1",
      "resolved": "https://registry.npmjs.org/@types/d3-chord/-/d3-chord-3.0.1.tgz",
      "integrity": "sha512-eQfcxIHrg7V++W8Qxn6QkqBNBokyhdWSAS73AbkbMzvLQmVVBviknoz2SRS/ZJdIOmhcmmdCRE/NFOm28Z1AMw=="
    },
    "@types/d3-color": {
      "version": "3.0.2",
      "resolved": "https://registry.npmjs.org/@types/d3-color/-/d3-color-3.0.2.tgz",
      "integrity": "sha512-WVx6zBiz4sWlboCy7TCgjeyHpNjMsoF36yaagny1uXfbadc9f+5BeBf7U+lRmQqY3EHbGQpP8UdW8AC+cywSwQ=="
    },
    "@types/d3-contour": {
      "version": "3.0.1",
      "resolved": "https://registry.npmjs.org/@types/d3-contour/-/d3-contour-3.0.1.tgz",
      "integrity": "sha512-C3zfBrhHZvrpAAK3YXqLWVAGo87A4SvJ83Q/zVJ8rFWJdKejUnDYaWZPkA8K84kb2vDA/g90LTQAz7etXcgoQQ==",
      "requires": {
        "@types/d3-array": "*",
        "@types/geojson": "*"
      }
    },
    "@types/d3-delaunay": {
      "version": "6.0.0",
      "resolved": "https://registry.npmjs.org/@types/d3-delaunay/-/d3-delaunay-6.0.0.tgz",
      "integrity": "sha512-iGm7ZaGLq11RK3e69VeMM6Oqj2SjKUB9Qhcyd1zIcqn2uE8w9GFB445yCY46NOQO3ByaNyktX1DK+Etz7ZaX+w=="
    },
    "@types/d3-dispatch": {
      "version": "3.0.1",
      "resolved": "https://registry.npmjs.org/@types/d3-dispatch/-/d3-dispatch-3.0.1.tgz",
      "integrity": "sha512-NhxMn3bAkqhjoxabVJWKryhnZXXYYVQxaBnbANu0O94+O/nX9qSjrA1P1jbAQJxJf+VC72TxDX/YJcKue5bRqw=="
    },
    "@types/d3-drag": {
      "version": "3.0.1",
      "resolved": "https://registry.npmjs.org/@types/d3-drag/-/d3-drag-3.0.1.tgz",
      "integrity": "sha512-o1Va7bLwwk6h03+nSM8dpaGEYnoIG19P0lKqlic8Un36ymh9NSkNFX1yiXMKNMx8rJ0Kfnn2eovuFaL6Jvj0zA==",
      "requires": {
        "@types/d3-selection": "*"
      }
    },
    "@types/d3-dsv": {
      "version": "3.0.0",
      "resolved": "https://registry.npmjs.org/@types/d3-dsv/-/d3-dsv-3.0.0.tgz",
      "integrity": "sha512-o0/7RlMl9p5n6FQDptuJVMxDf/7EDEv2SYEO/CwdG2tr1hTfUVi0Iavkk2ax+VpaQ/1jVhpnj5rq1nj8vwhn2A=="
    },
    "@types/d3-ease": {
      "version": "3.0.0",
      "resolved": "https://registry.npmjs.org/@types/d3-ease/-/d3-ease-3.0.0.tgz",
      "integrity": "sha512-aMo4eaAOijJjA6uU+GIeW018dvy9+oH5Y2VPPzjjfxevvGQ/oRDs+tfYC9b50Q4BygRR8yE2QCLsrT0WtAVseA=="
    },
    "@types/d3-fetch": {
      "version": "3.0.1",
      "resolved": "https://registry.npmjs.org/@types/d3-fetch/-/d3-fetch-3.0.1.tgz",
      "integrity": "sha512-toZJNOwrOIqz7Oh6Q7l2zkaNfXkfR7mFSJvGvlD/Ciq/+SQ39d5gynHJZ/0fjt83ec3WL7+u3ssqIijQtBISsw==",
      "requires": {
        "@types/d3-dsv": "*"
      }
    },
    "@types/d3-force": {
      "version": "3.0.3",
      "resolved": "https://registry.npmjs.org/@types/d3-force/-/d3-force-3.0.3.tgz",
      "integrity": "sha512-z8GteGVfkWJMKsx6hwC3SiTSLspL98VNpmvLpEFJQpZPq6xpA1I8HNBDNSpukfK0Vb0l64zGFhzunLgEAcBWSA=="
    },
    "@types/d3-format": {
      "version": "3.0.1",
      "resolved": "https://registry.npmjs.org/@types/d3-format/-/d3-format-3.0.1.tgz",
      "integrity": "sha512-5KY70ifCCzorkLuIkDe0Z9YTf9RR2CjBX1iaJG+rgM/cPP+sO+q9YdQ9WdhQcgPj1EQiJ2/0+yUkkziTG6Lubg=="
    },
    "@types/d3-geo": {
      "version": "3.0.2",
      "resolved": "https://registry.npmjs.org/@types/d3-geo/-/d3-geo-3.0.2.tgz",
      "integrity": "sha512-DbqK7MLYA8LpyHQfv6Klz0426bQEf7bRTvhMy44sNGVyZoWn//B0c+Qbeg8Osi2Obdc9BLLXYAKpyWege2/7LQ==",
      "requires": {
        "@types/geojson": "*"
      }
    },
    "@types/d3-hierarchy": {
      "version": "3.0.2",
      "resolved": "https://registry.npmjs.org/@types/d3-hierarchy/-/d3-hierarchy-3.0.2.tgz",
      "integrity": "sha512-+krnrWOZ+aQB6v+E+jEkmkAx9HvsNAD+1LCD0vlBY3t+HwjKnsBFbpVLx6WWzDzCIuiTWdAxXMEnGnVXpB09qQ=="
    },
    "@types/d3-interpolate": {
      "version": "3.0.1",
      "resolved": "https://registry.npmjs.org/@types/d3-interpolate/-/d3-interpolate-3.0.1.tgz",
      "integrity": "sha512-jx5leotSeac3jr0RePOH1KdR9rISG91QIE4Q2PYTu4OymLTZfA3SrnURSLzKH48HmXVUru50b8nje4E79oQSQw==",
      "requires": {
        "@types/d3-color": "*"
      }
    },
    "@types/d3-path": {
      "version": "3.0.0",
      "resolved": "https://registry.npmjs.org/@types/d3-path/-/d3-path-3.0.0.tgz",
      "integrity": "sha512-0g/A+mZXgFkQxN3HniRDbXMN79K3CdTpLsevj+PXiTcb2hVyvkZUBg37StmgCQkaD84cUJ4uaDAWq7UJOQy2Tg=="
    },
    "@types/d3-polygon": {
      "version": "3.0.0",
      "resolved": "https://registry.npmjs.org/@types/d3-polygon/-/d3-polygon-3.0.0.tgz",
      "integrity": "sha512-D49z4DyzTKXM0sGKVqiTDTYr+DHg/uxsiWDAkNrwXYuiZVd9o9wXZIo+YsHkifOiyBkmSWlEngHCQme54/hnHw=="
    },
    "@types/d3-quadtree": {
      "version": "3.0.2",
      "resolved": "https://registry.npmjs.org/@types/d3-quadtree/-/d3-quadtree-3.0.2.tgz",
      "integrity": "sha512-QNcK8Jguvc8lU+4OfeNx+qnVy7c0VrDJ+CCVFS9srBo2GL9Y18CnIxBdTF3v38flrGy5s1YggcoAiu6s4fLQIw=="
    },
    "@types/d3-random": {
      "version": "3.0.1",
      "resolved": "https://registry.npmjs.org/@types/d3-random/-/d3-random-3.0.1.tgz",
      "integrity": "sha512-IIE6YTekGczpLYo/HehAy3JGF1ty7+usI97LqraNa8IiDur+L44d0VOjAvFQWJVdZOJHukUJw+ZdZBlgeUsHOQ=="
    },
    "@types/d3-scale": {
      "version": "4.0.2",
      "resolved": "https://registry.npmjs.org/@types/d3-scale/-/d3-scale-4.0.2.tgz",
      "integrity": "sha512-Yk4htunhPAwN0XGlIwArRomOjdoBFXC3+kCxK2Ubg7I9shQlVSJy/pG/Ht5ASN+gdMIalpk8TJ5xV74jFsetLA==",
      "requires": {
        "@types/d3-time": "*"
      }
    },
    "@types/d3-scale-chromatic": {
      "version": "3.0.0",
      "resolved": "https://registry.npmjs.org/@types/d3-scale-chromatic/-/d3-scale-chromatic-3.0.0.tgz",
      "integrity": "sha512-dsoJGEIShosKVRBZB0Vo3C8nqSDqVGujJU6tPznsBJxNJNwMF8utmS83nvCBKQYPpjCzaaHcrf66iTRpZosLPw=="
    },
    "@types/d3-selection": {
      "version": "3.0.2",
      "resolved": "https://registry.npmjs.org/@types/d3-selection/-/d3-selection-3.0.2.tgz",
      "integrity": "sha512-d29EDd0iUBrRoKhPndhDY6U/PYxOWqgIZwKTooy2UkBfU7TNZNpRho0yLWPxlatQrFWk2mnTu71IZQ4+LRgKlQ=="
    },
    "@types/d3-shape": {
      "version": "3.0.2",
      "resolved": "https://registry.npmjs.org/@types/d3-shape/-/d3-shape-3.0.2.tgz",
      "integrity": "sha512-5+ButCmIfNX8id5seZ7jKj3igdcxx+S9IDBiT35fQGTLZUfkFgTv+oBH34xgeoWDKpWcMITSzBILWQtBoN5Piw==",
      "requires": {
        "@types/d3-path": "*"
      }
    },
    "@types/d3-time": {
      "version": "3.0.0",
      "resolved": "https://registry.npmjs.org/@types/d3-time/-/d3-time-3.0.0.tgz",
      "integrity": "sha512-sZLCdHvBUcNby1cB6Fd3ZBrABbjz3v1Vm90nysCQ6Vt7vd6e/h9Lt7SiJUoEX0l4Dzc7P5llKyhqSi1ycSf1Hg=="
    },
    "@types/d3-time-format": {
      "version": "4.0.0",
      "resolved": "https://registry.npmjs.org/@types/d3-time-format/-/d3-time-format-4.0.0.tgz",
      "integrity": "sha512-yjfBUe6DJBsDin2BMIulhSHmr5qNR5Pxs17+oW4DoVPyVIXZ+m6bs7j1UVKP08Emv6jRmYrYqxYzO63mQxy1rw=="
    },
    "@types/d3-timer": {
      "version": "3.0.0",
      "resolved": "https://registry.npmjs.org/@types/d3-timer/-/d3-timer-3.0.0.tgz",
      "integrity": "sha512-HNB/9GHqu7Fo8AQiugyJbv6ZxYz58wef0esl4Mv828w1ZKpAshw/uFWVDUcIB9KKFeFKoxS3cHY07FFgtTRZ1g=="
    },
    "@types/d3-transition": {
      "version": "3.0.1",
      "resolved": "https://registry.npmjs.org/@types/d3-transition/-/d3-transition-3.0.1.tgz",
      "integrity": "sha512-Sv4qEI9uq3bnZwlOANvYK853zvpdKEm1yz9rcc8ZTsxvRklcs9Fx4YFuGA3gXoQN/c/1T6QkVNjhaRO/cWj94g==",
      "requires": {
        "@types/d3-selection": "*"
      }
    },
    "@types/d3-zoom": {
      "version": "3.0.1",
      "resolved": "https://registry.npmjs.org/@types/d3-zoom/-/d3-zoom-3.0.1.tgz",
      "integrity": "sha512-7s5L9TjfqIYQmQQEUcpMAcBOahem7TRoSO/+Gkz02GbMVuULiZzjF2BOdw291dbO2aNon4m2OdFsRGaCq2caLQ==",
      "requires": {
        "@types/d3-interpolate": "*",
        "@types/d3-selection": "*"
      }
    },
    "@types/geojson": {
      "version": "7946.0.8",
      "resolved": "https://registry.npmjs.org/@types/geojson/-/geojson-7946.0.8.tgz",
      "integrity": "sha512-1rkryxURpr6aWP7R786/UQOkJ3PcpQiWkAXBmdWc7ryFWqN6a4xfK7BtjXvFBKO9LjQ+MWQSWxYeZX1OApnArA=="
    },
    "@types/node": {
      "version": "17.0.23",
      "resolved": "https://registry.npmjs.org/@types/node/-/node-17.0.23.tgz",
      "integrity": "sha512-UxDxWn7dl97rKVeVS61vErvw086aCYhDLyvRQZ5Rk65rZKepaFdm53GeqXaKBuOhED4e9uWq34IC3TdSdJJ2Gw==",
      "dev": true
    },
    "@vitejs/plugin-vue": {
      "version": "2.2.4",
      "resolved": "https://registry.npmjs.org/@vitejs/plugin-vue/-/plugin-vue-2.2.4.tgz",
      "integrity": "sha512-ev9AOlp0ljCaDkFZF3JwC/pD2N4Hh+r5srl5JHM6BKg5+99jiiK0rE/XaRs3pVm1wzyKkjUy/StBSoXX5fFzcw==",
      "dev": true
    },
    "@vue/reactivity": {
      "version": "3.2.31",
      "resolved": "https://registry.npmjs.org/@vue/reactivity/-/reactivity-3.2.31.tgz",
      "integrity": "sha512-HVr0l211gbhpEKYr2hYe7hRsV91uIVGFYNHj73njbARVGHQvIojkImKMaZNDdoDZOIkMsBc9a1sMqR+WZwfSCw==",
      "requires": {
        "@vue/shared": "3.2.31"
      },
      "dependencies": {
        "@vue/shared": {
          "version": "3.2.31",
          "resolved": "https://registry.npmjs.org/@vue/shared/-/shared-3.2.31.tgz",
          "integrity": "sha512-ymN2pj6zEjiKJZbrf98UM2pfDd6F2H7ksKw7NDt/ZZ1fh5Ei39X5tABugtT03ZRlWd9imccoK0hE8hpjpU7irQ=="
        }
      }
    },
    "@vue/reactivity-transform": {
      "version": "3.2.31",
      "resolved": "https://registry.npmjs.org/@vue/reactivity-transform/-/reactivity-transform-3.2.31.tgz",
      "integrity": "sha512-uS4l4z/W7wXdI+Va5pgVxBJ345wyGFKvpPYtdSgvfJfX/x2Ymm6ophQlXXB6acqGHtXuBqNyyO3zVp9b1r0MOA==",
      "requires": {
        "@babel/parser": "^7.16.4",
        "@vue/compiler-core": "3.2.31",
        "@vue/shared": "3.2.31",
        "estree-walker": "^2.0.2",
        "magic-string": "^0.25.7"
      },
      "dependencies": {
        "@babel/parser": {
          "version": "7.17.7",
          "resolved": "https://registry.npmjs.org/@babel/parser/-/parser-7.17.7.tgz",
          "integrity": "sha512-bm3AQf45vR4gKggRfvJdYJ0gFLoCbsPxiFLSH6hTVYABptNHY6l9NrhnucVjQ/X+SPtLANT9lc0fFhikj+VBRA=="
        },
        "@vue/compiler-core": {
          "version": "3.2.31",
          "resolved": "https://registry.npmjs.org/@vue/compiler-core/-/compiler-core-3.2.31.tgz",
          "integrity": "sha512-aKno00qoA4o+V/kR6i/pE+aP+esng5siNAVQ422TkBNM6qA4veXiZbSe8OTXHXquEi/f6Akc+nLfB4JGfe4/WQ==",
          "requires": {
            "@babel/parser": "^7.16.4",
            "@vue/shared": "3.2.31",
            "estree-walker": "^2.0.2",
            "source-map": "^0.6.1"
          }
        },
        "@vue/shared": {
          "version": "3.2.31",
          "resolved": "https://registry.npmjs.org/@vue/shared/-/shared-3.2.31.tgz",
          "integrity": "sha512-ymN2pj6zEjiKJZbrf98UM2pfDd6F2H7ksKw7NDt/ZZ1fh5Ei39X5tABugtT03ZRlWd9imccoK0hE8hpjpU7irQ=="
        }
      }
    },
    "@vue/runtime-core": {
      "version": "3.2.31",
      "resolved": "https://registry.npmjs.org/@vue/runtime-core/-/runtime-core-3.2.31.tgz",
      "integrity": "sha512-Kcog5XmSY7VHFEMuk4+Gap8gUssYMZ2+w+cmGI6OpZWYOEIcbE0TPzzPHi+8XTzAgx1w/ZxDFcXhZeXN5eKWsA==",
      "requires": {
        "@vue/reactivity": "3.2.31",
        "@vue/shared": "3.2.31"
      },
      "dependencies": {
        "@vue/shared": {
          "version": "3.2.31",
          "resolved": "https://registry.npmjs.org/@vue/shared/-/shared-3.2.31.tgz",
          "integrity": "sha512-ymN2pj6zEjiKJZbrf98UM2pfDd6F2H7ksKw7NDt/ZZ1fh5Ei39X5tABugtT03ZRlWd9imccoK0hE8hpjpU7irQ=="
        }
      }
    },
    "@vue/runtime-dom": {
      "version": "3.2.31",
      "resolved": "https://registry.npmjs.org/@vue/runtime-dom/-/runtime-dom-3.2.31.tgz",
      "integrity": "sha512-N+o0sICVLScUjfLG7u9u5XCjvmsexAiPt17GNnaWHJUfsKed5e85/A3SWgKxzlxx2SW/Hw7RQxzxbXez9PtY3g==",
      "requires": {
        "@vue/runtime-core": "3.2.31",
        "@vue/shared": "3.2.31",
        "csstype": "^2.6.8"
      },
      "dependencies": {
        "@vue/shared": {
          "version": "3.2.31",
          "resolved": "https://registry.npmjs.org/@vue/shared/-/shared-3.2.31.tgz",
          "integrity": "sha512-ymN2pj6zEjiKJZbrf98UM2pfDd6F2H7ksKw7NDt/ZZ1fh5Ei39X5tABugtT03ZRlWd9imccoK0hE8hpjpU7irQ=="
        }
      }
    },
    "@vue/server-renderer": {
      "version": "3.2.31",
      "resolved": "https://registry.npmjs.org/@vue/server-renderer/-/server-renderer-3.2.31.tgz",
      "integrity": "sha512-8CN3Zj2HyR2LQQBHZ61HexF5NReqngLT3oahyiVRfSSvak+oAvVmu8iNLSu6XR77Ili2AOpnAt1y8ywjjqtmkg==",
      "requires": {
        "@vue/compiler-ssr": "3.2.31",
        "@vue/shared": "3.2.31"
      },
      "dependencies": {
        "@babel/parser": {
          "version": "7.17.7",
          "resolved": "https://registry.npmjs.org/@babel/parser/-/parser-7.17.7.tgz",
          "integrity": "sha512-bm3AQf45vR4gKggRfvJdYJ0gFLoCbsPxiFLSH6hTVYABptNHY6l9NrhnucVjQ/X+SPtLANT9lc0fFhikj+VBRA=="
        },
        "@vue/compiler-core": {
          "version": "3.2.31",
          "resolved": "https://registry.npmjs.org/@vue/compiler-core/-/compiler-core-3.2.31.tgz",
          "integrity": "sha512-aKno00qoA4o+V/kR6i/pE+aP+esng5siNAVQ422TkBNM6qA4veXiZbSe8OTXHXquEi/f6Akc+nLfB4JGfe4/WQ==",
          "requires": {
            "@babel/parser": "^7.16.4",
            "@vue/shared": "3.2.31",
            "estree-walker": "^2.0.2",
            "source-map": "^0.6.1"
          }
        },
        "@vue/compiler-dom": {
          "version": "3.2.31",
          "resolved": "https://registry.npmjs.org/@vue/compiler-dom/-/compiler-dom-3.2.31.tgz",
          "integrity": "sha512-60zIlFfzIDf3u91cqfqy9KhCKIJgPeqxgveH2L+87RcGU/alT6BRrk5JtUso0OibH3O7NXuNOQ0cDc9beT0wrg==",
          "requires": {
            "@vue/compiler-core": "3.2.31",
            "@vue/shared": "3.2.31"
          }
        },
        "@vue/compiler-ssr": {
          "version": "3.2.31",
          "resolved": "https://registry.npmjs.org/@vue/compiler-ssr/-/compiler-ssr-3.2.31.tgz",
          "integrity": "sha512-mjN0rqig+A8TVDnsGPYJM5dpbjlXeHUm2oZHZwGyMYiGT/F4fhJf/cXy8QpjnLQK4Y9Et4GWzHn9PS8AHUnSkw==",
          "requires": {
            "@vue/compiler-dom": "3.2.31",
            "@vue/shared": "3.2.31"
          }
        },
        "@vue/shared": {
          "version": "3.2.31",
          "resolved": "https://registry.npmjs.org/@vue/shared/-/shared-3.2.31.tgz",
          "integrity": "sha512-ymN2pj6zEjiKJZbrf98UM2pfDd6F2H7ksKw7NDt/ZZ1fh5Ei39X5tABugtT03ZRlWd9imccoK0hE8hpjpU7irQ=="
        }
      }
    },
    "@vueuse/core": {
      "version": "7.7.1",
      "resolved": "https://registry.npmjs.org/@vueuse/core/-/core-7.7.1.tgz",
      "integrity": "sha512-PRRgbATMpoeUmkCEBtUeJgOwtew8s+4UsEd+Pm7MhkjL2ihCNrSqxNVtM6NFE4uP2sWnkGcZpCjPuNSxowJ1Ow==",
      "requires": {
        "@vueuse/shared": "7.7.1",
        "vue-demi": "*"
      }
    },
    "@vueuse/shared": {
      "version": "7.7.1",
      "resolved": "https://registry.npmjs.org/@vueuse/shared/-/shared-7.7.1.tgz",
      "integrity": "sha512-rN2qd22AUl7VdBxihagWyhUNHCyVk9IpvBTTfHoLH9G7rGE552X1f+zeCfehuno0zXif13jPw+icW/wn2a0rnQ==",
      "requires": {
        "vue-demi": "*"
      }
    },
    "colorette": {
      "version": "1.2.1",
      "resolved": "http://npm.ylzpay.com/colorette/-/colorette-1.2.1.tgz",
      "integrity": "sha512-puCDz0CzydiSYOrnXpz/PKd69zRrribezjtE9yd4zvytoRc8+RY/KJPvtPFKZS3E3wP6neGyMe0vOTlHO5L3Pw=="
    },
    "commander": {
      "version": "7.2.0",
      "resolved": "https://registry.npmjs.org/commander/-/commander-7.2.0.tgz",
      "integrity": "sha512-QrWXB+ZQSVPmIWIhtEO9H+gwHaMGYiF5ChvoJ+K9ZGHG/sVsa6yiesAD1GC/x46sET00Xlwo1u49RVVVzvcSkw=="
    },
    "csstype": {
      "version": "2.6.20",
      "resolved": "https://registry.npmjs.org/csstype/-/csstype-2.6.20.tgz",
      "integrity": "sha512-/WwNkdXfckNgw6S5R125rrW8ez139lBHWouiBvX8dfMFtcn6V81REDqnH7+CRpRipfYlyU1CmOnOxrmGcFOjeA=="
    },
    "d3": {
      "version": "7.4.0",
      "resolved": "https://registry.npmjs.org/d3/-/d3-7.4.0.tgz",
      "integrity": "sha512-/xKyIYpKzd+I2DhiS2ANYJtEfHkE9lHKBFwqsplKsazPcXy2N1KIJSMTJsRk42jHbHCH0KPJGd0RnBt6NBJ1MA==",
      "requires": {
        "d3-array": "3",
        "d3-axis": "3",
        "d3-brush": "3",
        "d3-chord": "3",
        "d3-color": "3",
        "d3-contour": "3",
        "d3-delaunay": "6",
        "d3-dispatch": "3",
        "d3-drag": "3",
        "d3-dsv": "3",
        "d3-ease": "3",
        "d3-fetch": "3",
        "d3-force": "3",
        "d3-format": "3",
        "d3-geo": "3",
        "d3-hierarchy": "3",
        "d3-interpolate": "3",
        "d3-path": "3",
        "d3-polygon": "3",
        "d3-quadtree": "3",
        "d3-random": "3",
        "d3-scale": "4",
        "d3-scale-chromatic": "3",
        "d3-selection": "3",
        "d3-shape": "3",
        "d3-time": "3",
        "d3-time-format": "4",
        "d3-timer": "3",
        "d3-transition": "3",
        "d3-zoom": "3"
      }
    },
    "d3-array": {
      "version": "3.1.1",
      "resolved": "https://registry.npmjs.org/d3-array/-/d3-array-3.1.1.tgz",
      "integrity": "sha512-33qQ+ZoZlli19IFiQx4QEpf2CBEayMRzhlisJHSCsSUbDXv6ZishqS1x7uFVClKG4Wr7rZVHvaAttoLow6GqdQ==",
      "requires": {
        "internmap": "1 - 2"
      }
    },
    "d3-axis": {
      "version": "3.0.0",
      "resolved": "https://registry.npmjs.org/d3-axis/-/d3-axis-3.0.0.tgz",
      "integrity": "sha512-IH5tgjV4jE/GhHkRV0HiVYPDtvfjHQlQfJHs0usq7M30XcSBvOotpmH1IgkcXsO/5gEQZD43B//fc7SRT5S+xw=="
    },
    "d3-brush": {
      "version": "3.0.0",
      "resolved": "https://registry.npmjs.org/d3-brush/-/d3-brush-3.0.0.tgz",
      "integrity": "sha512-ALnjWlVYkXsVIGlOsuWH1+3udkYFI48Ljihfnh8FZPF2QS9o+PzGLBslO0PjzVoHLZ2KCVgAM8NVkXPJB2aNnQ==",
      "requires": {
        "d3-dispatch": "1 - 3",
        "d3-drag": "2 - 3",
        "d3-interpolate": "1 - 3",
        "d3-selection": "3",
        "d3-transition": "3"
      }
    },
    "d3-chord": {
      "version": "3.0.1",
      "resolved": "https://registry.npmjs.org/d3-chord/-/d3-chord-3.0.1.tgz",
      "integrity": "sha512-VE5S6TNa+j8msksl7HwjxMHDM2yNK3XCkusIlpX5kwauBfXuyLAtNg9jCp/iHH61tgI4sb6R/EIMWCqEIdjT/g==",
      "requires": {
        "d3-path": "1 - 3"
      }
    },
    "d3-color": {
      "version": "3.1.0",
      "resolved": "https://registry.npmjs.org/d3-color/-/d3-color-3.1.0.tgz",
      "integrity": "sha512-zg/chbXyeBtMQ1LbD/WSoW2DpC3I0mpmPdW+ynRTj/x2DAWYrIY7qeZIHidozwV24m4iavr15lNwIwLxRmOxhA=="
    },
    "d3-contour": {
      "version": "3.0.1",
      "resolved": "https://registry.npmjs.org/d3-contour/-/d3-contour-3.0.1.tgz",
      "integrity": "sha512-0Oc4D0KyhwhM7ZL0RMnfGycLN7hxHB8CMmwZ3+H26PWAG0ozNuYG5hXSDNgmP1SgJkQMrlG6cP20HoaSbvcJTQ==",
      "requires": {
        "d3-array": "2 - 3"
      }
    },
    "d3-delaunay": {
      "version": "6.0.2",
      "resolved": "https://registry.npmjs.org/d3-delaunay/-/d3-delaunay-6.0.2.tgz",
      "integrity": "sha512-IMLNldruDQScrcfT+MWnazhHbDJhcRJyOEBAJfwQnHle1RPh6WDuLvxNArUju2VSMSUuKlY5BGHRJ2cYyoFLQQ==",
      "requires": {
        "delaunator": "5"
      }
    },
    "d3-dispatch": {
      "version": "3.0.1",
      "resolved": "https://registry.npmjs.org/d3-dispatch/-/d3-dispatch-3.0.1.tgz",
      "integrity": "sha512-rzUyPU/S7rwUflMyLc1ETDeBj0NRuHKKAcvukozwhshr6g6c5d8zh4c2gQjY2bZ0dXeGLWc1PF174P2tVvKhfg=="
    },
    "d3-drag": {
      "version": "3.0.0",
      "resolved": "https://registry.npmjs.org/d3-drag/-/d3-drag-3.0.0.tgz",
      "integrity": "sha512-pWbUJLdETVA8lQNJecMxoXfH6x+mO2UQo8rSmZ+QqxcbyA3hfeprFgIT//HW2nlHChWeIIMwS2Fq+gEARkhTkg==",
      "requires": {
        "d3-dispatch": "1 - 3",
        "d3-selection": "3"
      }
    },
    "d3-dsv": {
      "version": "3.0.1",
      "resolved": "https://registry.npmjs.org/d3-dsv/-/d3-dsv-3.0.1.tgz",
      "integrity": "sha512-UG6OvdI5afDIFP9w4G0mNq50dSOsXHJaRE8arAS5o9ApWnIElp8GZw1Dun8vP8OyHOZ/QJUKUJwxiiCCnUwm+Q==",
      "requires": {
        "commander": "7",
        "iconv-lite": "0.6",
        "rw": "1"
      }
    },
    "d3-ease": {
      "version": "3.0.1",
      "resolved": "https://registry.npmjs.org/d3-ease/-/d3-ease-3.0.1.tgz",
      "integrity": "sha512-wR/XK3D3XcLIZwpbvQwQ5fK+8Ykds1ip7A2Txe0yxncXSdq1L9skcG7blcedkOX+ZcgxGAmLX1FrRGbADwzi0w=="
    },
    "d3-fetch": {
      "version": "3.0.1",
      "resolved": "https://registry.npmjs.org/d3-fetch/-/d3-fetch-3.0.1.tgz",
      "integrity": "sha512-kpkQIM20n3oLVBKGg6oHrUchHM3xODkTzjMoj7aWQFq5QEM+R6E4WkzT5+tojDY7yjez8KgCBRoj4aEr99Fdqw==",
      "requires": {
        "d3-dsv": "1 - 3"
      }
    },
    "d3-force": {
      "version": "3.0.0",
      "resolved": "https://registry.npmjs.org/d3-force/-/d3-force-3.0.0.tgz",
      "integrity": "sha512-zxV/SsA+U4yte8051P4ECydjD/S+qeYtnaIyAs9tgHCqfguma/aAQDjo85A9Z6EKhBirHRJHXIgJUlffT4wdLg==",
      "requires": {
        "d3-dispatch": "1 - 3",
        "d3-quadtree": "1 - 3",
        "d3-timer": "1 - 3"
      }
    },
    "d3-format": {
      "version": "3.1.0",
      "resolved": "https://registry.npmjs.org/d3-format/-/d3-format-3.1.0.tgz",
      "integrity": "sha512-YyUI6AEuY/Wpt8KWLgZHsIU86atmikuoOmCfommt0LYHiQSPjvX2AcFc38PX0CBpr2RCyZhjex+NS/LPOv6YqA=="
    },
    "d3-geo": {
      "version": "3.0.1",
      "resolved": "https://registry.npmjs.org/d3-geo/-/d3-geo-3.0.1.tgz",
      "integrity": "sha512-Wt23xBych5tSy9IYAM1FR2rWIBFWa52B/oF/GYe5zbdHrg08FU8+BuI6X4PvTwPDdqdAdq04fuWJpELtsaEjeA==",
      "requires": {
        "d3-array": "2.5.0 - 3"
      }
    },
    "d3-hierarchy": {
      "version": "3.1.1",
      "resolved": "https://registry.npmjs.org/d3-hierarchy/-/d3-hierarchy-3.1.1.tgz",
      "integrity": "sha512-LtAIu54UctRmhGKllleflmHalttH3zkfSi4NlKrTAoFKjC+AFBJohsCAdgCBYQwH0F8hIOGY89X1pPqAchlMkA=="
    },
    "d3-interpolate": {
      "version": "3.0.1",
      "resolved": "https://registry.npmjs.org/d3-interpolate/-/d3-interpolate-3.0.1.tgz",
      "integrity": "sha512-3bYs1rOD33uo8aqJfKP3JWPAibgw8Zm2+L9vBKEHJ2Rg+viTR7o5Mmv5mZcieN+FRYaAOWX5SJATX6k1PWz72g==",
      "requires": {
        "d3-color": "1 - 3"
      }
    },
    "d3-path": {
      "version": "3.0.1",
      "resolved": "https://registry.npmjs.org/d3-path/-/d3-path-3.0.1.tgz",
      "integrity": "sha512-gq6gZom9AFZby0YLduxT1qmrp4xpBA1YZr19OI717WIdKE2OM5ETq5qrHLb301IgxhLwcuxvGZVLeeWc/k1I6w=="
    },
    "d3-polygon": {
      "version": "3.0.1",
      "resolved": "https://registry.npmjs.org/d3-polygon/-/d3-polygon-3.0.1.tgz",
      "integrity": "sha512-3vbA7vXYwfe1SYhED++fPUQlWSYTTGmFmQiany/gdbiWgU/iEyQzyymwL9SkJjFFuCS4902BSzewVGsHHmHtXg=="
    },
    "d3-quadtree": {
      "version": "3.0.1",
      "resolved": "https://registry.npmjs.org/d3-quadtree/-/d3-quadtree-3.0.1.tgz",
      "integrity": "sha512-04xDrxQTDTCFwP5H6hRhsRcb9xxv2RzkcsygFzmkSIOJy3PeRJP7sNk3VRIbKXcog561P9oU0/rVH6vDROAgUw=="
    },
    "d3-random": {
      "version": "3.0.1",
      "resolved": "https://registry.npmjs.org/d3-random/-/d3-random-3.0.1.tgz",
      "integrity": "sha512-FXMe9GfxTxqd5D6jFsQ+DJ8BJS4E/fT5mqqdjovykEB2oFbTMDVdg1MGFxfQW+FBOGoB++k8swBrgwSHT1cUXQ=="
    },
    "d3-scale": {
      "version": "4.0.2",
      "resolved": "https://registry.npmjs.org/d3-scale/-/d3-scale-4.0.2.tgz",
      "integrity": "sha512-GZW464g1SH7ag3Y7hXjf8RoUuAFIqklOAq3MRl4OaWabTFJY9PN/E1YklhXLh+OQ3fM9yS2nOkCoS+WLZ6kvxQ==",
      "requires": {
        "d3-array": "2.10.0 - 3",
        "d3-format": "1 - 3",
        "d3-interpolate": "1.2.0 - 3",
        "d3-time": "2.1.1 - 3",
        "d3-time-format": "2 - 4"
      }
    },
    "d3-scale-chromatic": {
      "version": "3.0.0",
      "resolved": "https://registry.npmjs.org/d3-scale-chromatic/-/d3-scale-chromatic-3.0.0.tgz",
      "integrity": "sha512-Lx9thtxAKrO2Pq6OO2Ua474opeziKr279P/TKZsMAhYyNDD3EnCffdbgeSYN5O7m2ByQsxtuP2CSDczNUIZ22g==",
      "requires": {
        "d3-color": "1 - 3",
        "d3-interpolate": "1 - 3"
      }
    },
    "d3-selection": {
      "version": "3.0.0",
      "resolved": "https://registry.npmjs.org/d3-selection/-/d3-selection-3.0.0.tgz",
      "integrity": "sha512-fmTRWbNMmsmWq6xJV8D19U/gw/bwrHfNXxrIN+HfZgnzqTHp9jOmKMhsTUjXOJnZOdZY9Q28y4yebKzqDKlxlQ=="
    },
    "d3-shape": {
      "version": "3.1.0",
      "resolved": "https://registry.npmjs.org/d3-shape/-/d3-shape-3.1.0.tgz",
      "integrity": "sha512-tGDh1Muf8kWjEDT/LswZJ8WF85yDZLvVJpYU9Nq+8+yW1Z5enxrmXOhTArlkaElU+CTn0OTVNli+/i+HP45QEQ==",
      "requires": {
        "d3-path": "1 - 3"
      }
    },
    "d3-time": {
      "version": "3.0.0",
      "resolved": "https://registry.npmjs.org/d3-time/-/d3-time-3.0.0.tgz",
      "integrity": "sha512-zmV3lRnlaLI08y9IMRXSDshQb5Nj77smnfpnd2LrBa/2K281Jijactokeak14QacHs/kKq0AQ121nidNYlarbQ==",
      "requires": {
        "d3-array": "2 - 3"
      }
    },
    "d3-time-format": {
      "version": "4.1.0",
      "resolved": "https://registry.npmjs.org/d3-time-format/-/d3-time-format-4.1.0.tgz",
      "integrity": "sha512-dJxPBlzC7NugB2PDLwo9Q8JiTR3M3e4/XANkreKSUxF8vvXKqm1Yfq4Q5dl8budlunRVlUUaDUgFt7eA8D6NLg==",
      "requires": {
        "d3-time": "1 - 3"
      }
    },
    "d3-timer": {
      "version": "3.0.1",
      "resolved": "https://registry.npmjs.org/d3-timer/-/d3-timer-3.0.1.tgz",
      "integrity": "sha512-ndfJ/JxxMd3nw31uyKoY2naivF+r29V+Lc0svZxe1JvvIRmi8hUsrMvdOwgS1o6uBHmiz91geQ0ylPP0aj1VUA=="
    },
    "d3-transition": {
      "version": "3.0.1",
      "resolved": "https://registry.npmjs.org/d3-transition/-/d3-transition-3.0.1.tgz",
      "integrity": "sha512-ApKvfjsSR6tg06xrL434C0WydLr7JewBB3V+/39RMHsaXTOG0zmt/OAXeng5M5LBm0ojmxJrpomQVZ1aPvBL4w==",
      "requires": {
        "d3-color": "1 - 3",
        "d3-dispatch": "1 - 3",
        "d3-ease": "1 - 3",
        "d3-interpolate": "1 - 3",
        "d3-timer": "1 - 3"
      }
    },
    "d3-zoom": {
      "version": "3.0.0",
      "resolved": "https://registry.npmjs.org/d3-zoom/-/d3-zoom-3.0.0.tgz",
      "integrity": "sha512-b8AmV3kfQaqWAuacbPuNbL6vahnOJflOhexLzMMNLga62+/nh0JzvJ0aO/5a5MVgUFGS7Hu1P9P03o3fJkDCyw==",
      "requires": {
        "d3-dispatch": "1 - 3",
        "d3-drag": "2 - 3",
        "d3-interpolate": "1 - 3",
        "d3-selection": "2 - 3",
        "d3-transition": "2 - 3"
      }
    },
    "delaunator": {
      "version": "5.0.0",
      "resolved": "https://registry.npmjs.org/delaunator/-/delaunator-5.0.0.tgz",
      "integrity": "sha512-AyLvtyJdbv/U1GkiS6gUUzclRoAY4Gs75qkMygJJhU75LW4DNuSF2RMzpxs9jw9Oz1BobHjTdkG3zdP55VxAqw==",
      "requires": {
        "robust-predicates": "^3.0.0"
      }
    },
    "esbuild": {
      "version": "0.14.27",
      "resolved": "https://registry.npmjs.org/esbuild/-/esbuild-0.14.27.tgz",
      "integrity": "sha512-MZQt5SywZS3hA9fXnMhR22dv0oPGh6QtjJRIYbgL1AeqAoQZE+Qn5ppGYQAoHv/vq827flj4tIJ79Mrdiwk46Q==",
      "dev": true,
      "requires": {
        "esbuild-android-64": "0.14.27",
        "esbuild-android-arm64": "0.14.27",
        "esbuild-darwin-64": "0.14.27",
        "esbuild-darwin-arm64": "0.14.27",
        "esbuild-freebsd-64": "0.14.27",
        "esbuild-freebsd-arm64": "0.14.27",
        "esbuild-linux-32": "0.14.27",
        "esbuild-linux-64": "0.14.27",
        "esbuild-linux-arm": "0.14.27",
        "esbuild-linux-arm64": "0.14.27",
        "esbuild-linux-mips64le": "0.14.27",
        "esbuild-linux-ppc64le": "0.14.27",
        "esbuild-linux-riscv64": "0.14.27",
        "esbuild-linux-s390x": "0.14.27",
        "esbuild-netbsd-64": "0.14.27",
        "esbuild-openbsd-64": "0.14.27",
        "esbuild-sunos-64": "0.14.27",
        "esbuild-windows-32": "0.14.27",
        "esbuild-windows-64": "0.14.27",
        "esbuild-windows-arm64": "0.14.27"
      }
    },
    "esbuild-android-64": {
      "version": "0.14.27",
      "resolved": "https://registry.npmjs.org/esbuild-android-64/-/esbuild-android-64-0.14.27.tgz",
      "integrity": "sha512-LuEd4uPuj/16Y8j6kqy3Z2E9vNY9logfq8Tq+oTE2PZVuNs3M1kj5Qd4O95ee66yDGb3isaOCV7sOLDwtMfGaQ==",
      "dev": true,
      "optional": true
    },
    "esbuild-android-arm64": {
      "version": "0.14.27",
      "resolved": "https://registry.npmjs.org/esbuild-android-arm64/-/esbuild-android-arm64-0.14.27.tgz",
      "integrity": "sha512-E8Ktwwa6vX8q7QeJmg8yepBYXaee50OdQS3BFtEHKrzbV45H4foMOeEE7uqdjGQZFBap5VAqo7pvjlyA92wznQ==",
      "dev": true,
      "optional": true
    },
    "esbuild-darwin-64": {
      "version": "0.14.27",
      "resolved": "https://registry.npmjs.org/esbuild-darwin-64/-/esbuild-darwin-64-0.14.27.tgz",
      "integrity": "sha512-czw/kXl/1ZdenPWfw9jDc5iuIYxqUxgQ/Q+hRd4/3udyGGVI31r29LCViN2bAJgGvQkqyLGVcG03PJPEXQ5i2g==",
      "dev": true,
      "optional": true
    },
    "esbuild-darwin-arm64": {
      "version": "0.14.27",
      "resolved": "https://registry.npmjs.org/esbuild-darwin-arm64/-/esbuild-darwin-arm64-0.14.27.tgz",
      "integrity": "sha512-BEsv2U2U4o672oV8+xpXNxN9bgqRCtddQC6WBh4YhXKDcSZcdNh7+6nS+DM2vu7qWIWNA4JbRG24LUUYXysimQ==",
      "dev": true,
      "optional": true
    },
    "esbuild-freebsd-64": {
      "version": "0.14.27",
      "resolved": "https://registry.npmjs.org/esbuild-freebsd-64/-/esbuild-freebsd-64-0.14.27.tgz",
      "integrity": "sha512-7FeiFPGBo+ga+kOkDxtPmdPZdayrSzsV9pmfHxcyLKxu+3oTcajeZlOO1y9HW+t5aFZPiv7czOHM4KNd0tNwCA==",
      "dev": true,
      "optional": true
    },
    "esbuild-freebsd-arm64": {
      "version": "0.14.27",
      "resolved": "https://registry.npmjs.org/esbuild-freebsd-arm64/-/esbuild-freebsd-arm64-0.14.27.tgz",
      "integrity": "sha512-8CK3++foRZJluOWXpllG5zwAVlxtv36NpHfsbWS7TYlD8S+QruXltKlXToc/5ZNzBK++l6rvRKELu/puCLc7jA==",
      "dev": true,
      "optional": true
    },
    "esbuild-linux-32": {
      "version": "0.14.27",
      "resolved": "https://registry.npmjs.org/esbuild-linux-32/-/esbuild-linux-32-0.14.27.tgz",
      "integrity": "sha512-qhNYIcT+EsYSBClZ5QhLzFzV5iVsP1YsITqblSaztr3+ZJUI+GoK8aXHyzKd7/CKKuK93cxEMJPpfi1dfsOfdw==",
      "dev": true,
      "optional": true
    },
    "esbuild-linux-64": {
      "version": "0.14.27",
      "resolved": "https://registry.npmjs.org/esbuild-linux-64/-/esbuild-linux-64-0.14.27.tgz",
      "integrity": "sha512-ESjck9+EsHoTaKWlFKJpPZRN26uiav5gkI16RuI8WBxUdLrrAlYuYSndxxKgEn1csd968BX/8yQZATYf/9+/qg==",
      "dev": true,
      "optional": true
    },
    "esbuild-linux-arm": {
      "version": "0.14.27",
      "resolved": "https://registry.npmjs.org/esbuild-linux-arm/-/esbuild-linux-arm-0.14.27.tgz",
      "integrity": "sha512-JnnmgUBdqLQO9hoNZQqNHFWlNpSX82vzB3rYuCJMhtkuaWQEmQz6Lec1UIxJdC38ifEghNTBsF9bbe8dFilnCw==",
      "dev": true,
      "optional": true
    },
    "esbuild-linux-arm64": {
      "version": "0.14.27",
      "resolved": "https://registry.npmjs.org/esbuild-linux-arm64/-/esbuild-linux-arm64-0.14.27.tgz",
      "integrity": "sha512-no6Mi17eV2tHlJnqBHRLekpZ2/VYx+NfGxKcBE/2xOMYwctsanCaXxw4zapvNrGE9X38vefVXLz6YCF8b1EHiQ==",
      "dev": true,
      "optional": true
    },
    "esbuild-linux-mips64le": {
      "version": "0.14.27",
      "resolved": "https://registry.npmjs.org/esbuild-linux-mips64le/-/esbuild-linux-mips64le-0.14.27.tgz",
      "integrity": "sha512-NolWP2uOvIJpbwpsDbwfeExZOY1bZNlWE/kVfkzLMsSgqeVcl5YMen/cedRe9mKnpfLli+i0uSp7N+fkKNU27A==",
      "dev": true,
      "optional": true
    },
    "esbuild-linux-ppc64le": {
      "version": "0.14.27",
      "resolved": "https://registry.npmjs.org/esbuild-linux-ppc64le/-/esbuild-linux-ppc64le-0.14.27.tgz",
      "integrity": "sha512-/7dTjDvXMdRKmsSxKXeWyonuGgblnYDn0MI1xDC7J1VQXny8k1qgNp6VmrlsawwnsymSUUiThhkJsI+rx0taNA==",
      "dev": true,
      "optional": true
    },
    "esbuild-linux-riscv64": {
      "version": "0.14.27",
      "resolved": "https://registry.npmjs.org/esbuild-linux-riscv64/-/esbuild-linux-riscv64-0.14.27.tgz",
      "integrity": "sha512-D+aFiUzOJG13RhrSmZgrcFaF4UUHpqj7XSKrIiCXIj1dkIkFqdrmqMSOtSs78dOtObWiOrFCDDzB24UyeEiNGg==",
      "dev": true,
      "optional": true
    },
    "esbuild-linux-s390x": {
      "version": "0.14.27",
      "resolved": "https://registry.npmjs.org/esbuild-linux-s390x/-/esbuild-linux-s390x-0.14.27.tgz",
      "integrity": "sha512-CD/D4tj0U4UQjELkdNlZhQ8nDHU5rBn6NGp47Hiz0Y7/akAY5i0oGadhEIg0WCY/HYVXFb3CsSPPwaKcTOW3bg==",
      "dev": true,
      "optional": true
    },
    "esbuild-netbsd-64": {
      "version": "0.14.27",
      "resolved": "https://registry.npmjs.org/esbuild-netbsd-64/-/esbuild-netbsd-64-0.14.27.tgz",
      "integrity": "sha512-h3mAld69SrO1VoaMpYl3a5FNdGRE/Nqc+E8VtHOag4tyBwhCQXxtvDDOAKOUQexBGca0IuR6UayQ4ntSX5ij1Q==",
      "dev": true,
      "optional": true
    },
    "esbuild-openbsd-64": {
      "version": "0.14.27",
      "resolved": "https://registry.npmjs.org/esbuild-openbsd-64/-/esbuild-openbsd-64-0.14.27.tgz",
      "integrity": "sha512-xwSje6qIZaDHXWoPpIgvL+7fC6WeubHHv18tusLYMwL+Z6bEa4Pbfs5IWDtQdHkArtfxEkIZz77944z8MgDxGw==",
      "dev": true,
      "optional": true
    },
    "esbuild-sunos-64": {
      "version": "0.14.27",
      "resolved": "https://registry.npmjs.org/esbuild-sunos-64/-/esbuild-sunos-64-0.14.27.tgz",
      "integrity": "sha512-/nBVpWIDjYiyMhuqIqbXXsxBc58cBVH9uztAOIfWShStxq9BNBik92oPQPJ57nzWXRNKQUEFWr4Q98utDWz7jg==",
      "dev": true,
      "optional": true
    },
    "esbuild-windows-32": {
      "version": "0.14.27",
      "resolved": "https://registry.npmjs.org/esbuild-windows-32/-/esbuild-windows-32-0.14.27.tgz",
      "integrity": "sha512-Q9/zEjhZJ4trtWhFWIZvS/7RUzzi8rvkoaS9oiizkHTTKd8UxFwn/Mm2OywsAfYymgUYm8+y2b+BKTNEFxUekw==",
      "dev": true,
      "optional": true
    },
    "esbuild-windows-64": {
      "version": "0.14.27",
      "resolved": "https://registry.npmjs.org/esbuild-windows-64/-/esbuild-windows-64-0.14.27.tgz",
      "integrity": "sha512-b3y3vTSl5aEhWHK66ngtiS/c6byLf6y/ZBvODH1YkBM+MGtVL6jN38FdHUsZasCz9gFwYs/lJMVY9u7GL6wfYg==",
      "dev": true,
      "optional": true
    },
    "esbuild-windows-arm64": {
      "version": "0.14.27",
      "resolved": "https://registry.npmjs.org/esbuild-windows-arm64/-/esbuild-windows-arm64-0.14.27.tgz",
      "integrity": "sha512-I/reTxr6TFMcR5qbIkwRGvldMIaiBu2+MP0LlD7sOlNXrfqIl9uNjsuxFPGEG4IRomjfQ5q8WT+xlF/ySVkqKg==",
      "dev": true,
      "optional": true
    },
    "estree-walker": {
      "version": "2.0.2",
      "resolved": "http://npm.ylzpay.com/estree-walker/-/estree-walker-2.0.2.tgz",
      "integrity": "sha1-UvAQF4wqTBF6d1fP6UKtt9LaTKw="
    },
    "fsevents": {
      "version": "2.3.2",
      "resolved": "https://registry.npmjs.org/fsevents/-/fsevents-2.3.2.tgz",
      "integrity": "sha512-xiqMQR4xAeHTuB9uWm+fFRcIOgKBMiOBP+eXiyT7jsgVCq1bkVygt00oASowB7EdtpOHaaPgKt812P9ab+DDKA==",
      "dev": true,
      "optional": true
    },
    "function-bind": {
      "version": "1.1.1",
      "resolved": "http://npm.ylzpay.com/function-bind/-/function-bind-1.1.1.tgz",
      "integrity": "sha512-yIovAzMX49sF8Yl58fSCWJ5svSLuaibPxXQJFLmBObTuCr0Mf1KiPopGM9NiFjiYBCbfaa2Fh6breQ6ANVTI0A==",
      "dev": true
    },
    "has": {
      "version": "1.0.3",
      "resolved": "http://npm.ylzpay.com/has/-/has-1.0.3.tgz",
      "integrity": "sha512-f2dvO0VU6Oej7RkWJGrehjbzMAjFp5/VKPp5tTpWIV4JHHZK1/BxbFRtf/siA2SWTe09caDmVtYYzWEIbBS4zw==",
      "dev": true,
      "requires": {
        "function-bind": "^1.1.1"
      }
    },
    "iconv-lite": {
      "version": "0.6.3",
      "resolved": "https://registry.npmjs.org/iconv-lite/-/iconv-lite-0.6.3.tgz",
      "integrity": "sha512-4fCk79wshMdzMp2rH06qWrJE4iolqLhCUH+OiuIgU++RB0+94NlDL81atO7GX55uUKueo0txHNtvEyI6D7WdMw==",
      "requires": {
        "safer-buffer": ">= 2.1.2 < 3.0.0"
      }
    },
    "internmap": {
      "version": "2.0.3",
      "resolved": "https://registry.npmjs.org/internmap/-/internmap-2.0.3.tgz",
      "integrity": "sha512-5Hh7Y1wQbvY5ooGgPbDaL5iYLAPzMTUrjMulskHLH6wnv/A+1q5rgEaiuqEjB+oxGXIVZs1FF+R/KPN3ZSQYYg=="
    },
    "is-core-module": {
      "version": "2.8.1",
      "resolved": "https://registry.npmjs.org/is-core-module/-/is-core-module-2.8.1.tgz",
      "integrity": "sha512-SdNCUs284hr40hFTFP6l0IfZ/RSrMXF3qgoRHd3/79unUTvrFO/JoXwkGm+5J/Oe3E/b5GsnG330uUNgRpu1PA==",
      "dev": true,
      "requires": {
        "has": "^1.0.3"
      }
    },
    "magic-string": {
      "version": "0.25.7",
      "resolved": "http://npm.ylzpay.com/magic-string/-/magic-string-0.25.7.tgz",
      "integrity": "sha1-P0l9b9NMZpxnmNy4IfLvMfVEUFE=",
      "requires": {
        "sourcemap-codec": "^1.4.4"
      }
    },
    "nanoid": {
      "version": "3.1.20",
      "resolved": "http://npm.ylzpay.com/nanoid/-/nanoid-3.1.20.tgz",
      "integrity": "sha512-a1cQNyczgKbLX9jwbS/+d7W8fX/RfgYR7lVWwWOGIPNgK2m0MWvrGF6/m4kk6U3QcFMnZf3RIhL0v2Jgh/0Uxw=="
    },
    "path-parse": {
      "version": "1.0.7",
      "resolved": "https://registry.npmjs.org/path-parse/-/path-parse-1.0.7.tgz",
      "integrity": "sha512-LDJzPVEEEPR+y48z93A0Ed0yXb8pAByGWo/k5YYdYgpY2/2EsOsksJrq7lOHxryrVOn1ejG6oAp8ahvOIQD8sw==",
      "dev": true
    },
    "picocolors": {
      "version": "1.0.0",
      "resolved": "https://registry.npmjs.org/picocolors/-/picocolors-1.0.0.tgz",
      "integrity": "sha512-1fygroTLlHu66zi26VoTDv8yRgm0Fccecssto+MhsZ0D/DGW2sm8E8AjW7NU5VVTRt5GxbeZ5qBuJr+HyLYkjQ==",
      "dev": true
    },
    "postcss": {
      "version": "8.2.4",
      "resolved": "http://npm.ylzpay.com/postcss/-/postcss-8.2.4.tgz",
      "integrity": "sha1-IKmKOc8wPRUSnChlqew37aADHQQ=",
      "requires": {
        "colorette": "^1.2.1",
        "nanoid": "^3.1.20",
        "source-map": "^0.6.1"
      }
    },
    "resolve": {
      "version": "1.22.0",
      "resolved": "https://registry.npmjs.org/resolve/-/resolve-1.22.0.tgz",
      "integrity": "sha512-Hhtrw0nLeSrFQ7phPp4OOcVjLPIeMnRlr5mcnVuMe7M/7eBn98A3hmFRLoFo3DLZkivSYwhRUJTyPyWAk56WLw==",
      "dev": true,
      "requires": {
        "is-core-module": "^2.8.1",
        "path-parse": "^1.0.7",
        "supports-preserve-symlinks-flag": "^1.0.0"
      }
    },
    "robust-predicates": {
      "version": "3.0.1",
      "resolved": "https://registry.npmjs.org/robust-predicates/-/robust-predicates-3.0.1.tgz",
      "integrity": "sha512-ndEIpszUHiG4HtDsQLeIuMvRsDnn8c8rYStabochtUeCvfuvNptb5TUbVD68LRAILPX7p9nqQGh4xJgn3EHS/g=="
    },
    "rollup": {
      "version": "2.70.1",
      "resolved": "https://registry.npmjs.org/rollup/-/rollup-2.70.1.tgz",
      "integrity": "sha512-CRYsI5EuzLbXdxC6RnYhOuRdtz4bhejPMSWjsFLfVM/7w/85n2szZv6yExqUXsBdz5KT8eoubeyDUDjhLHEslA==",
      "dev": true,
      "requires": {
        "fsevents": "~2.3.2"
      }
    },
    "rw": {
      "version": "1.3.3",
      "resolved": "https://registry.npmjs.org/rw/-/rw-1.3.3.tgz",
      "integrity": "sha1-P4Yt+pGrdmsUiF700BEkv9oHT7Q="
    },
    "safer-buffer": {
      "version": "2.1.2",
      "resolved": "https://registry.npmjs.org/safer-buffer/-/safer-buffer-2.1.2.tgz",
      "integrity": "sha512-YZo3K82SD7Riyi0E1EQPojLz7kpepnSQI9IyPbHHg1XXXevb5dJI7tpyN2ADxGcQbHG7vcyRHk0cbwqcQriUtg=="
    },
    "source-map": {
      "version": "0.6.1",
      "resolved": "http://npm.ylzpay.com/source-map/-/source-map-0.6.1.tgz",
      "integrity": "sha512-UjgapumWlbMhkBgzT7Ykc5YXUT46F0iKu8SGXq0bcwP5dz/h0Plj6enJqjz1Zbq2l5WaqYnrVbwWOWMyF3F47g=="
    },
    "source-map-js": {
      "version": "1.0.2",
      "resolved": "https://registry.npmjs.org/source-map-js/-/source-map-js-1.0.2.tgz",
      "integrity": "sha512-R0XvVJ9WusLiqTCEiGCmICCMplcCkIwwR11mOSD9CR5u+IXYdiseeEuXCVAjS54zqwkLcPNnmU4OeJ6tUrWhDw==",
      "dev": true
    },
    "sourcemap-codec": {
      "version": "1.4.8",
      "resolved": "http://npm.ylzpay.com/sourcemap-codec/-/sourcemap-codec-1.4.8.tgz",
      "integrity": "sha1-6oBL2UhXQC5pktBaOO8a41qatMQ="
    },
    "supports-preserve-symlinks-flag": {
      "version": "1.0.0",
      "resolved": "https://registry.npmjs.org/supports-preserve-symlinks-flag/-/supports-preserve-symlinks-flag-1.0.0.tgz",
      "integrity": "sha512-ot0WnXS9fgdkgIcePe6RHNk1WA8+muPa6cSjeR3V8K27q9BB1rTE3R1p7Hv0z1ZyAc8s6Vvv8DIyWf681MAt0w==",
      "dev": true
    },
    "typescript": {
      "version": "4.6.2",
      "resolved": "https://registry.npmjs.org/typescript/-/typescript-4.6.2.tgz",
      "integrity": "sha512-HM/hFigTBHZhLXshn9sN37H085+hQGeJHJ/X7LpBWLID/fbc2acUMfU+lGD98X81sKP+pFa9f0DZmCwB9GnbAg==",
      "dev": true
    },
    "vite": {
      "version": "2.8.6",
      "resolved": "https://registry.npmjs.org/vite/-/vite-2.8.6.tgz",
      "integrity": "sha512-e4H0QpludOVKkmOsRyqQ7LTcMUDF3mcgyNU4lmi0B5JUbe0ZxeBBl8VoZ8Y6Rfn9eFKYtdXNPcYK97ZwH+K2ug==",
      "dev": true,
      "requires": {
        "esbuild": "^0.14.14",
        "fsevents": "~2.3.2",
        "postcss": "^8.4.6",
        "resolve": "^1.22.0",
        "rollup": "^2.59.0"
      },
      "dependencies": {
        "nanoid": {
          "version": "3.3.1",
          "resolved": "https://registry.npmjs.org/nanoid/-/nanoid-3.3.1.tgz",
          "integrity": "sha512-n6Vs/3KGyxPQd6uO0eH4Bv0ojGSUvuLlIHtC3Y0kEO23YRge8H9x1GCzLn28YX0H66pMkxuaeESFq4tKISKwdw==",
          "dev": true
        },
        "postcss": {
          "version": "8.4.12",
          "resolved": "https://registry.npmjs.org/postcss/-/postcss-8.4.12.tgz",
          "integrity": "sha512-lg6eITwYe9v6Hr5CncVbK70SoioNQIq81nsaG86ev5hAidQvmOeETBqs7jm43K2F5/Ley3ytDtriImV6TpNiSg==",
          "dev": true,
          "requires": {
            "nanoid": "^3.3.1",
            "picocolors": "^1.0.0",
            "source-map-js": "^1.0.2"
          }
        }
      }
    },
    "vue": {
      "version": "3.2.31",
      "resolved": "https://registry.npmjs.org/vue/-/vue-3.2.31.tgz",
      "integrity": "sha512-odT3W2tcffTiQCy57nOT93INw1auq5lYLLYtWpPYQQYQOOdHiqFct9Xhna6GJ+pJQaF67yZABraH47oywkJgFw==",
      "requires": {
        "@vue/compiler-dom": "3.2.31",
        "@vue/compiler-sfc": "3.2.31",
        "@vue/runtime-dom": "3.2.31",
        "@vue/server-renderer": "3.2.31",
        "@vue/shared": "3.2.31"
      },
      "dependencies": {
        "@babel/parser": {
          "version": "7.17.7",
          "resolved": "https://registry.npmjs.org/@babel/parser/-/parser-7.17.7.tgz",
          "integrity": "sha512-bm3AQf45vR4gKggRfvJdYJ0gFLoCbsPxiFLSH6hTVYABptNHY6l9NrhnucVjQ/X+SPtLANT9lc0fFhikj+VBRA=="
        },
        "@vue/compiler-core": {
          "version": "3.2.31",
          "resolved": "https://registry.npmjs.org/@vue/compiler-core/-/compiler-core-3.2.31.tgz",
          "integrity": "sha512-aKno00qoA4o+V/kR6i/pE+aP+esng5siNAVQ422TkBNM6qA4veXiZbSe8OTXHXquEi/f6Akc+nLfB4JGfe4/WQ==",
          "requires": {
            "@babel/parser": "^7.16.4",
            "@vue/shared": "3.2.31",
            "estree-walker": "^2.0.2",
            "source-map": "^0.6.1"
          }
        },
        "@vue/compiler-dom": {
          "version": "3.2.31",
          "resolved": "https://registry.npmjs.org/@vue/compiler-dom/-/compiler-dom-3.2.31.tgz",
          "integrity": "sha512-60zIlFfzIDf3u91cqfqy9KhCKIJgPeqxgveH2L+87RcGU/alT6BRrk5JtUso0OibH3O7NXuNOQ0cDc9beT0wrg==",
          "requires": {
            "@vue/compiler-core": "3.2.31",
            "@vue/shared": "3.2.31"
          }
        },
        "@vue/compiler-sfc": {
          "version": "3.2.31",
          "resolved": "https://registry.npmjs.org/@vue/compiler-sfc/-/compiler-sfc-3.2.31.tgz",
          "integrity": "sha512-748adc9msSPGzXgibHiO6T7RWgfnDcVQD+VVwYgSsyyY8Ans64tALHZANrKtOzvkwznV/F4H7OAod/jIlp/dkQ==",
          "requires": {
            "@babel/parser": "^7.16.4",
            "@vue/compiler-core": "3.2.31",
            "@vue/compiler-dom": "3.2.31",
            "@vue/compiler-ssr": "3.2.31",
            "@vue/reactivity-transform": "3.2.31",
            "@vue/shared": "3.2.31",
            "estree-walker": "^2.0.2",
            "magic-string": "^0.25.7",
            "postcss": "^8.1.10",
            "source-map": "^0.6.1"
          }
        },
        "@vue/compiler-ssr": {
          "version": "3.2.31",
          "resolved": "https://registry.npmjs.org/@vue/compiler-ssr/-/compiler-ssr-3.2.31.tgz",
          "integrity": "sha512-mjN0rqig+A8TVDnsGPYJM5dpbjlXeHUm2oZHZwGyMYiGT/F4fhJf/cXy8QpjnLQK4Y9Et4GWzHn9PS8AHUnSkw==",
          "requires": {
            "@vue/compiler-dom": "3.2.31",
            "@vue/shared": "3.2.31"
          }
        },
        "@vue/shared": {
          "version": "3.2.31",
          "resolved": "https://registry.npmjs.org/@vue/shared/-/shared-3.2.31.tgz",
          "integrity": "sha512-ymN2pj6zEjiKJZbrf98UM2pfDd6F2H7ksKw7NDt/ZZ1fh5Ei39X5tABugtT03ZRlWd9imccoK0hE8hpjpU7irQ=="
        }
      }
    },
    "vue-demi": {
      "version": "0.12.5",
      "resolved": "https://registry.npmjs.org/vue-demi/-/vue-demi-0.12.5.tgz",
      "integrity": "sha512-BREuTgTYlUr0zw0EZn3hnhC3I6gPWv+Kwh4MCih6QcAeaTlaIX0DwOVN0wHej7hSvDPecz4jygy/idsgKfW58Q=="
    }
  }
}
